{
  "name": "firefox-draw",
  "version": "0.0.1",
  "lockfileVersion": 3,
  "requires": true,
  "packages": {
    "": {
      "name": "firefox-draw",
      "version": "0.0.1",
      "license": "MIT",
      "dependencies": {
        "js-draw": "^1.26.0"
      }
    },
    "node_modules/@js-draw/math": {
      "version": "1.26.0",
      "resolved": "https://registry.npmjs.org/@js-draw/math/-/math-1.26.0.tgz",
      "integrity": "sha512-7dOS5Ymfql3CJiS6AzL0mDmsND1jTGmjpdl2dOg0twX2z8mrXYj35+w6r6Rn+g+RW+XYC7BKcE2BK/5EF2pllw==",
      "license": "MIT",
      "dependencies": {
        "bezier-js": "6.1.3"
      }
    },
    "node_modules/@melloware/coloris": {
      "version": "0.22.0",
      "resolved": "https://registry.npmjs.org/@melloware/coloris/-/coloris-0.22.0.tgz",
      "integrity": "sha512-i06nJM0xQrgOkLFUi8d+8mrJjvFgPrU/nTM9vtRGip/T6yHUFIrNV7QgCyps3dBkKVRP/CeJzAeAIvJBSTSbFQ==",
      "license": "MIT"
    },
    "node_modules/bezier-js": {
      "version": "6.1.3",
      "resolved": "https://registry.npmjs.org/bezier-js/-/bezier-js-6.1.3.tgz",
      "integrity": "sha512-VPFvkyO98oCJ1Tsi+bFBrKEWLdefAj4DJVaWp3xTEsdCbunC7Pt/nTeIgu/UdskBNcmHv8TOfsgdMZb1GsICmg==",
      "license": "MIT",
      "funding": {
        "type": "individual",
        "url": "https://github.com/Pomax/bezierjs/blob/master/FUNDING.md"
      }
    },
    "node_modules/js-draw": {
      "version": "1.26.0",
      "resolved": "https://registry.npmjs.org/js-draw/-/js-draw-1.26.0.tgz",
      "integrity": "sha512-g9mSq/o/HdskoqunqlRPHybQK9pEbFDccu6vMGpgqAtf4pC+rvnzav5ql+vDiz8xYiqTDQNXRPd86rcadaNJrw==",
      "license": "MIT",
      "dependencies": {
        "@js-draw/math": "^1.26.0",
        "@melloware/coloris": "0.22.0"
      }
    }
  }
}
